
Microsoft Visual Studio Solution File, Format Version 12.00
# Visual Studio Version 17
VisualStudioVersion = 17.2.32616.157
MinimumVisualStudioVersion = 10.0.40219.1
Project("{FAE04EC0-301F-11D3-BF4B-00C04F79EFBC}") = "Linq2DbIncorrectSql", "Linq2DbIncorrectSql.csproj", "{88312245-4E4E-43C3-8331-39DA3201614E}"
EndProject
Global
	GlobalSection(SolutionConfigurationPlatforms) = preSolution
		Debug|Any CPU = Debug|Any CPU
		Release|Any CPU = Release|Any CPU
	EndGlobalSection
	GlobalSection(ProjectConfigurationPlatforms) = postSolution
		{88312245-4E4E-43C3-8331-39DA3201614E}.Debug|Any CPU.ActiveCfg = Debug|Any CPU
		{88312245-4E4E-43C3-8331-39DA3201614E}.Debug|Any CPU.Build.0 = Debug|Any CPU
		{88312245-4E4E-43C3-8331-39DA3201614E}.Release|Any CPU.ActiveCfg = Release|Any CPU
		{88312245-4E4E-43C3-8331-39DA3201614E}.Release|Any CPU.Build.0 = Release|Any CPU
	EndGlobalSection
	GlobalSection(SolutionProperties) = preSolution
		HideSolutionNode = FALSE
	EndGlobalSection
	GlobalSection(ExtensibilityGlobals) = postSolution
		SolutionGuid = {FBDA4407-7ED8-4348-ABA8-89FC21DB0F3C}
	EndGlobalSection
EndGlobal
